
Microsoft Visual Studio Solution File, Format Version 12.00
# Visual Studio Version 16
VisualStudioVersion = 16.0.31105.61
MinimumVisualStudioVersion = 10.0.40219.1
Project("{FAE04EC0-301F-11D3-BF4B-00C04F79EFBC}") = "ConsoleUI", "ConsoleUI\ConsoleUI.csproj", "{2B318743-AEEF-4E5D-8D82-3412C48D60C1}"
EndProject
Project("{FAE04EC0-301F-11D3-BF4B-00C04F79EFBC}") = "ShopClassLibrary", "ShopClassLibrary\ShopClassLibrary.csproj", "{F14E10C6-8927-45A4-8267-C84EE92713FE}"
EndProject
Global
	GlobalSection(SolutionConfigurationPlatforms) = preSolution
		Debug|Any CPU = Debug|Any CPU
		Release|Any CPU = Release|Any CPU
	EndGlobalSection
	GlobalSection(ProjectConfigurationPlatforms) = postSolution
		{2B318743-AEEF-4E5D-8D82-3412C48D60C1}.Debug|Any CPU.ActiveCfg = Debug|Any CPU
		{2B318743-AEEF-4E5D-8D82-3412C48D60C1}.Debug|Any CPU.Build.0 = Debug|Any CPU
		{2B318743-AEEF-4E5D-8D82-3412C48D60C1}.Release|Any CPU.ActiveCfg = Release|Any CPU
		{2B318743-AEEF-4E5D-8D82-3412C48D60C1}.Release|Any CPU.Build.0 = Release|Any CPU
		{F14E10C6-8927-45A4-8267-C84EE92713FE}.Debug|Any CPU.ActiveCfg = Debug|Any CPU
		{F14E10C6-8927-45A4-8267-C84EE92713FE}.Debug|Any CPU.Build.0 = Debug|Any CPU
		{F14E10C6-8927-45A4-8267-C84EE92713FE}.Release|Any CPU.ActiveCfg = Release|Any CPU
		{F14E10C6-8927-45A4-8267-C84EE92713FE}.Release|Any CPU.Build.0 = Release|Any CPU
	EndGlobalSection
	GlobalSection(SolutionProperties) = preSolution
		HideSolutionNode = FALSE
	EndGlobalSection
	GlobalSection(ExtensibilityGlobals) = postSolution
		SolutionGuid = {B92587AC-BB3F-42E5-B8F1-C0D396EBF34A}
	EndGlobalSection
EndGlobal
